
Microsoft Visual Studio Solution File, Format Version 12.00
# Visual Studio Version 16
VisualStudioVersion = 16.0.31205.134
MinimumVisualStudioVersion = 10.0.40219.1
Project("{FAE04EC0-301F-11D3-BF4B-00C04F79EFBC}") = "TimeTable", "TimeTable.csproj", "{A7E597A9-5455-4C72-AA97-D730A653FC28}"
EndProject
Global
	GlobalSection(SolutionConfigurationPlatforms) = preSolution
		Debug|Any CPU = Debug|Any CPU
		Release|Any CPU = Release|Any CPU
	EndGlobalSection
	GlobalSection(ProjectConfigurationPlatforms) = postSolution
		{A7E597A9-5455-4C72-AA97-D730A653FC28}.Debug|Any CPU.ActiveCfg = Debug|Any CPU
		{A7E597A9-5455-4C72-AA97-D730A653FC28}.Debug|Any CPU.Build.0 = Debug|Any CPU
		{A7E597A9-5455-4C72-AA97-D730A653FC28}.Release|Any CPU.ActiveCfg = Release|Any CPU
		{A7E597A9-5455-4C72-AA97-D730A653FC28}.Release|Any CPU.Build.0 = Release|Any CPU
	EndGlobalSection
	GlobalSection(SolutionProperties) = preSolution
		HideSolutionNode = FALSE
	EndGlobalSection
	GlobalSection(ExtensibilityGlobals) = postSolution
		SolutionGuid = {C48776A3-17E9-4A57-A855-941DCA39B20B}
	EndGlobalSection
EndGlobal
